// !$*UTF8*$!
{
	archiveVersion = 1;
	classes = {
	};
	objectVersion = 46;
	objects = {

/* Begin PBXBuildFile section */
		282AD9631F18617400DC4AB4 /* main.m in Sources */ = {isa = PBXBuildFile; fileRef = 282AD9621F18617400DC4AB4 /* main.m */; };
		282AD9661F18617400DC4AB4 /* AppDelegate.m in Sources */ = {isa = PBXBuildFile; fileRef = 282AD9651F18617400DC4AB4 /* AppDelegate.m */; };
		282AD9691F18617400DC4AB4 /* ViewController.m in Sources */ = {isa = PBXBuildFile; fileRef = 282AD9681F18617400DC4AB4 /* ViewController.m */; };
		282AD96C1F18617400DC4AB4 /* Main.storyboard in Resources */ = {isa = PBXBuildFile; fileRef = 282AD96A1F18617400DC4AB4 /* Main.storyboard */; };
		282AD96E1F18617400DC4AB4 /* Assets.xcassets in Resources */ = {isa = PBXBuildFile; fileRef = 282AD96D1F18617400DC4AB4 /* Assets.xcassets */; };
		282AD9711F18617400DC4AB4 /* LaunchScreen.storyboard in Resources */ = {isa = PBXBuildFile; fileRef = 282AD96F1F18617400DC4AB4 /* LaunchScreen.storyboard */; };
		282AD97B1F1861F700DC4AB4 /* UIView+Shape.m in Sources */ = {isa = PBXBuildFile; fileRef = 282AD97A1F1861F700DC4AB4 /* UIView+Shape.m */; };
		282AD97E1F18635600DC4AB4 /* WaterWaveViewController.m in Sources */ = {isa = PBXBuildFile; fileRef = 282AD97D1F18635600DC4AB4 /* WaterWaveViewController.m */; };
/* End PBXBuildFile section */

/* Begin PBXFileReference section */
		282AD95E1F18617400DC4AB4 /* WaterWaveCircle.app */ = {isa = PBXFileReference; explicitFileType = wrapper.application; includeInIndex = 0; path = WaterWaveCircle.app; sourceTree = BUILT_PRODUCTS_DIR; };
		282AD9621F18617400DC4AB4 /* main.m */ = {isa = PBXFileReference; lastKnownFileType = sourcecode.c.objc; path = main.m; sourceTree = "<group>"; };
		282AD9641F18617400DC4AB4 /* AppDelegate.h */ = {isa = PBXFileReference; lastKnownFileType = sourcecode.c.h; path = AppDelegate.h; sourceTree = "<group>"; };
		282AD9651F18617400DC4AB4 /* AppDelegate.m */ = {isa = PBXFileReference; lastKnownFileType = sourcecode.c.objc; path = AppDelegate.m; sourceTree = "<group>"; };
		282AD9671F18617400DC4AB4 /* ViewController.h */ = {isa = PBXFileReference; lastKnownFileType = sourcecode.c.h; path = ViewController.h; sourceTree = "<group>"; };
		282AD9681F18617400DC4AB4 /* ViewController.m */ = {isa = PBXFileReference; lastKnownFileType = sourcecode.c.objc; path = ViewController.m; sourceTree = "<group>"; };
		282AD96B1F18617400DC4AB4 /* Base */ = {isa = PBXFileReference; lastKnownFileType = file.storyboard; name = Base; path = Base.lproj/Main.storyboard; sourceTree = "<group>"; };
		282AD96D1F18617400DC4AB4 /* Assets.xcassets */ = {isa = PBXFileReference; lastKnownFileType = folder.assetcatalog; path = Assets.xcassets; sourceTree = "<group>"; };
		282AD9701F18617400DC4AB4 /* Base */ = {isa = PBXFileReference; lastKnownFileType = file.storyboard; name = Base; path = Base.lproj/LaunchScreen.storyboard; sourceTree = "<group>"; };
		282AD9721F18617400DC4AB4 /* Info.plist */ = {isa = PBXFileReference; lastKnownFileType = text.plist.xml; path = Info.plist; sourceTree = "<group>"; };
		282AD9791F1861F700DC4AB4 /* UIView+Shape.h */ = {isa = PBXFileReference; fileEncoding = 4; lastKnownFileType = sourcecode.c.h; path = "UIView+Shape.h"; sourceTree = "<group>"; };
		282AD97A1F1861F700DC4AB4 /* UIView+Shape.m */ = {isa = PBXFileReference; fileEncoding = 4; lastKnownFileType = sourcecode.c.objc; path = "UIView+Shape.m"; sourceTree = "<group>"; };
		282AD97C1F18635600DC4AB4 /* WaterWaveViewController.h */ = {isa = PBXFileReference; fileEncoding = 4; lastKnownFileType = sourcecode.c.h; path = WaterWaveViewController.h; sourceTree = "<group>"; };
		282AD97D1F18635600DC4AB4 /* WaterWaveViewController.m */ = {isa = PBXFileReference; fileEncoding = 4; lastKnownFileType = sourcecode.c.objc; path = WaterWaveViewController.m; sourceTree = "<group>"; };
/* End PBXFileReference section */

/* Begin PBXFrameworksBuildPhase section */
		282AD95B1F18617400DC4AB4 /* Frameworks */ = {
			isa = PBXFrameworksBuildPhase;
			buildActionMask = 2147483647;
			files = (
			);
			runOnlyForDeploymentPostprocessing = 0;
		};
/* End PBXFrameworksBuildPhase section */

/* Begin PBXGroup section */
		282AD9551F18617400DC4AB4 = {
			isa = PBXGroup;
			children = (
				282AD9601F18617400DC4AB4 /* WaterWaveCircle */,
				282AD95F1F18617400DC4AB4 /* Products */,
			);
			sourceTree = "<group>";
		};
		282AD95F1F18617400DC4AB4 /* Products */ = {
			isa = PBXGroup;
			children = (
				282AD95E1F18617400DC4AB4 /* WaterWaveCircle.app */,
			);
			name = Products;
			sourceTree = "<group>";
		};
		282AD9601F18617400DC4AB4 /* WaterWaveCircle */ = {
			isa = PBXGroup;
			children = (
				282AD9781F1861AC00DC4AB4 /* WaterWaveCircleDemo */,
				282AD9641F18617400DC4AB4 /* AppDelegate.h */,
				282AD9651F18617400DC4AB4 /* AppDelegate.m */,
				282AD9671F18617400DC4AB4 /* ViewController.h */,
				282AD9681F18617400DC4AB4 /* ViewController.m */,
				282AD96A1F18617400DC4AB4 /* Main.storyboard */,
				282AD96D1F18617400DC4AB4 /* Assets.xcassets */,
				282AD96F1F18617400DC4AB4 /* LaunchScreen.storyboard */,
				282AD9721F18617400DC4AB4 /* Info.plist */,
				282AD9611F18617400DC4AB4 /* Supporting Files */,
			);
			path = WaterWaveCircle;
			sourceTree = "<group>";
		};
		282AD9611F18617400DC4AB4 /* Supporting Files */ = {
			isa = PBXGroup;
			children = (
				282AD9621F18617400DC4AB4 /* main.m */,
			);
			name = "Supporting Files";
			sourceTree = "<group>";
		};
		282AD9781F1861AC00DC4AB4 /* WaterWaveCircleDemo */ = {
			isa = PBXGroup;
			children = (
				282AD9791F1861F700DC4AB4 /* UIView+Shape.h */,
				282AD97A1F1861F700DC4AB4 /* UIView+Shape.m */,
				282AD97C1F18635600DC4AB4 /* WaterWaveViewController.h */,
				282AD97D1F18635600DC4AB4 /* WaterWaveViewController.m */,
			);
			path = WaterWaveCircleDemo;
			sourceTree = "<group>";
		};
/* End PBXGroup section */

/* Begin PBXNativeTarget section */
		282AD95D1F18617400DC4AB4 /* WaterWaveCircle */ = {
			isa = PBXNativeTarget;
			buildConfigurationList = 282AD9751F18617400DC4AB4 /* Build configuration list for PBXNativeTarget "WaterWaveCircle" */;
			buildPhases = (
				282AD95A1F18617400DC4AB4 /* Sources */,
				282AD95B1F18617400DC4AB4 /* Frameworks */,
				282AD95C1F18617400DC4AB4 /* Resources */,
			);
			buildRules = (
			);
			dependencies = (
			);
			name = WaterWaveCircle;
			productName = WaterWaveCircle;
			productReference = 282AD95E1F18617400DC4AB4 /* WaterWaveCircle.app */;
			productType = "com.apple.product-type.application";
		};
/* End PBXNativeTarget section */

/* Begin PBXProject section */
		282AD9561F18617400DC4AB4 /* Project object */ = {
			isa = PBXProject;
			attributes = {
				LastUpgradeCheck = 0830;
				ORGANIZATIONNAME = doublek;
				TargetAttributes = {
					282AD95D1F18617400DC4AB4 = {
						CreatedOnToolsVersion = 8.3.3;
						ProvisioningStyle = Automatic;
					};
				};
			};
			buildConfigurationList = 282AD9591F18617400DC4AB4 /* Build configuration list for PBXProject "WaterWaveCircle" */;
			compatibilityVersion = "Xcode 3.2";
			developmentRegion = English;
			hasScannedForEncodings = 0;
			knownRegions = (
				en,
				Base,
			);
			mainGroup = 282AD9551F18617400DC4AB4;
			productRefGroup = 282AD95F1F18617400DC4AB4 /* Products */;
			projectDirPath = "";
			projectRoot = "";
			targets = (
				282AD95D1F18617400DC4AB4 /* WaterWaveCircle */,
			);
		};
/* End PBXProject section */

/* Begin PBXResourcesBuildPhase section */
		282AD95C1F18617400DC4AB4 /* Resources */ = {
			isa = PBXResourcesBuildPhase;
			buildActionMask = 2147483647;
			files = (
				282AD9711F18617400DC4AB4 /* LaunchScreen.storyboard in Resources */,
				282AD96E1F18617400DC4AB4 /* Assets.xcassets in Resources */,
				282AD96C1F18617400DC4AB4 /* Main.storyboard in Resources */,
			);
			runOnlyForDeploymentPostprocessing = 0;
		};
/* End PBXResourcesBuildPhase section */

/* Begin PBXSourcesBuildPhase section */
		282AD95A1F18617400DC4AB4 /* Sources */ = {
			isa = PBXSourcesBuildPhase;
			buildActionMask = 2147483647;
			files = (
				282AD9691F18617400DC4AB4 /* ViewController.m in Sources */,
				282AD9661F18617400DC4AB4 /* AppDelegate.m in Sources */,
				282AD97E1F18635600DC4AB4 /* WaterWaveViewController.m in Sources */,
				282AD97B1F1861F700DC4AB4 /* UIView+Shape.m in Sources */,
				282AD9631F18617400DC4AB4 /* main.m in Sources */,
			);
			runOnlyForDeploymentPostprocessing = 0;
		};
/* End PBXSourcesBuildPhase section */

/* Begin PBXVariantGroup section */
		282AD96A1F18617400DC4AB4 /* Main.storyboard */ = {
			isa = PBXVariantGroup;
			children = (
				282AD96B1F18617400DC4AB4 /* Base */,
			);
			name = Main.storyboard;
			sourceTree = "<group>";
		};
		282AD96F1F18617400DC4AB4 /* LaunchScreen.storyboard */ = {
			isa = PBXVariantGroup;
			children = (
				282AD9701F18617400DC4AB4 /* Base */,
			);
			name = LaunchScreen.storyboard;
			sourceTree = "<group>";
		};
/* End PBXVariantGroup section */

/* Begin XCBuildConfiguration section */
		282AD9731F18617400DC4AB4 /* Debug */ = {
			isa = XCBuildConfiguration;
			buildSettings = {
				ALWAYS_SEARCH_USER_PATHS = NO;
				CLANG_ANALYZER_NONNULL = YES;
				CLANG_ANALYZER_NUMBER_OBJECT_CONVERSION = YES_AGGRESSIVE;
				CLANG_CXX_LANGUAGE_STANDARD = "gnu++0x";
				CLANG_CXX_LIBRARY = "libc++";
				CLANG_ENABLE_MODULES = YES;
				CLANG_ENABLE_OBJC_ARC = YES;
				CLANG_WARN_BOOL_CONVERSION = YES;
				CLANG_WARN_CONSTANT_CONVERSION = YES;
				CLANG_WARN_DIRECT_OBJC_ISA_USAGE = YES_ERROR;
				CLANG_WARN_DOCUMENTATION_COMMENTS = YES;
				CLANG_WARN_EMPTY_BODY = YES;
				CLANG_WARN_ENUM_CONVERSION = YES;
				CLANG_WARN_INFINITE_RECURSION = YES;
				CLANG_WARN_INT_CONVERSION = YES;
				CLANG_WARN_OBJC_ROOT_CLASS = YES_ERROR;
				CLANG_WARN_SUSPICIOUS_MOVE = YES;
				CLANG_WARN_UNREACHABLE_CODE = YES;
				CLANG_WARN__DUPLICATE_METHOD_MATCH = YES;
				"CODE_SIGN_IDENTITY[sdk=iphoneos*]" = "iPhone Developer";
				COPY_PHASE_STRIP = NO;
				DEBUG_INFORMATION_FORMAT = dwarf;
				ENABLE_STRICT_OBJC_MSGSEND = YES;
				ENABLE_TESTABILITY = YES;
				GCC_C_LANGUAGE_STANDARD = gnu99;
				GCC_DYNAMIC_NO_PIC = NO;
				GCC_NO_COMMON_BLOCKS = YES;
				GCC_OPTIMIZATION_LEVEL = 0;
				GCC_PREPROCESSOR_DEFINITIONS = (
					"DEBUG=1",
					"$(inherited)",
				);
				GCC_WARN_64_TO_32_BIT_CONVERSION = YES;
				GCC_WARN_ABOUT_RETURN_TYPE = YES_ERROR;
				GCC_WARN_UNDECLARED_SELECTOR = YES;
				GCC_WARN_UNINITIALIZED_AUTOS = YES_AGGRESSIVE;
				GCC_WARN_UNUSED_FUNCTION = YES;
				GCC_WARN_UNUSED_VARIABLE = YES;
				IPHONEOS_DEPLOYMENT_TARGET = 10.3;
				MTL_ENABLE_DEBUG_INFO = YES;
				ONLY_ACTIVE_ARCH = YES;
				SDKROOT = iphoneos;
				TARGETED_DEVICE_FAMILY = "1,2";
			};
			name = Debug;
		};
		282AD9741F18617400DC4AB4 /* Release */ = {
			isa = XCBuildConfiguration;
			buildSettings = {
				ALWAYS_SEARCH_USER_PATHS = NO;
				CLANG_ANALYZER_NONNULL = YES;
				CLANG_ANALYZER_NUMBER_OBJECT_CONVERSION = YES_AGGRESSIVE;
				CLANG_CXX_LANGUAGE_STANDARD = "gnu++0x";
				CLANG_CXX_LIBRARY = "libc++";
				CLANG_ENABLE_MODULES = YES;
				CLANG_ENABLE_OBJC_ARC = YES;
				CLANG_WARN_BOOL_CONVERSION = YES;
				CLANG_WARN_CONSTANT_CONVERSION = YES;
				CLANG_WARN_DIRECT_OBJC_ISA_USAGE = YES_ERROR;
				CLANG_WARN_DOCUMENTATION_COMMENTS = YES;
				CLANG_WARN_EMPTY_BODY = YES;
				CLANG_WARN_ENUM_CONVERSION = YES;
				CLANG_WARN_INFINITE_RECURSION = YES;
				CLANG_WARN_INT_CONVERSION = YES;
				CLANG_WARN_OBJC_ROOT_CLASS = YES_ERROR;
				CLANG_WARN_SUSPICIOUS_MOVE = YES;
				CLANG_WARN_UNREACHABLE_CODE = YES;
				CLANG_WARN__DUPLICATE_METHOD_MATCH = YES;
				"CODE_SIGN_IDENTITY[sdk=iphoneos*]" = "iPhone Developer";
				COPY_PHASE_STRIP = NO;
				DEBUG_INFORMATION_FORMAT = "dwarf-with-dsym";
				ENABLE_NS_ASSERTIONS = NO;
				ENABLE_STRICT_OBJC_MSGSEND = YES;
				GCC_C_LANGUAGE_STANDARD = gnu99;
				GCC_NO_COMMON_BLOCKS = YES;
				GCC_WARN_64_TO_32_BIT_CONVERSION = YES;
				GCC_WARN_ABOUT_RETURN_TYPE = YES_ERROR;
				GCC_WARN_UNDECLARED_SELECTOR = YES;
				GCC_WARN_UNINITIALIZED_AUTOS = YES_AGGRESSIVE;
				GCC_WARN_UNUSED_FUNCTION = YES;
				GCC_WARN_UNUSED_VARIABLE = YES;
				IPHONEOS_DEPLOYMENT_TARGET = 10.3;
				MTL_ENABLE_DEBUG_INFO = NO;
				SDKROOT = iphoneos;
				TARGETED_DEVICE_FAMILY = "1,2";
				VALIDATE_PRODUCT = YES;
			};
			name = Release;
		};
		282AD9761F18617400DC4AB4 /* Debug */ = {
			isa = XCBuildConfiguration;
			buildSettings = {
				ASSETCATALOG_COMPILER_APPICON_NAME = AppIcon;
				INFOPLIST_FILE = WaterWaveCircle/Info.plist;
				LD_RUNPATH_SEARCH_PATHS = "$(inherited) @executable_path/Frameworks";
				PRODUCT_BUNDLE_IDENTIFIER = cn.Doublek.WaterWaveCircle;
				PRODUCT_NAME = "$(TARGET_NAME)";
			};
			name = Debug;
		};
		282AD9771F18617400DC4AB4 /* Release */ = {
			isa = XCBuildConfiguration;
			buildSettings = {
				ASSETCATALOG_COMPILER_APPICON_NAME = AppIcon;
				INFOPLIST_FILE = WaterWaveCircle/Info.plist;
				LD_RUNPATH_SEARCH_PATHS = "$(inherited) @executable_path/Frameworks";
				PRODUCT_BUNDLE_IDENTIFIER = cn.Doublek.WaterWaveCircle;
				PRODUCT_NAME = "$(TARGET_NAME)";
			};
			name = Release;
		};
/* End XCBuildConfiguration section */

/* Begin XCConfigurationList section */
		282AD9591F18617400DC4AB4 /* Build configuration list for PBXProject "WaterWaveCircle" */ = {
			isa = XCConfigurationList;
			buildConfigurations = (
				282AD9731F18617400DC4AB4 /* Debug */,
				282AD9741F18617400DC4AB4 /* Release */,
			);
			defaultConfigurationIsVisible = 0;
			defaultConfigurationName = Release;
		};
		282AD9751F18617400DC4AB4 /* Build configuration list for PBXNativeTarget "WaterWaveCircle" */ = {
			isa = XCConfigurationList;
			buildConfigurations = (
				282AD9761F18617400DC4AB4 /* Debug */,
				282AD9771F18617400DC4AB4 /* Release */,
			);
			defaultConfigurationIsVisible = 0;
		};
/* End XCConfigurationList section */
	};
	rootObject = 282AD9561F18617400DC4AB4 /* Project object */;
}
